
Microsoft Visual Studio Solution File, Format Version 12.00
# Visual Studio Version 17
VisualStudioVersion = 17.8.34511.84
MinimumVisualStudioVersion = 10.0.40219.1
Project("{888888A0-9F3D-457C-B088-3A5042F75D52}") = "dz", "dz\dz.pyproj", "{D2255A8C-ACAE-4427-B302-96A322E1593E}"
EndProject
Global
	GlobalSection(SolutionConfigurationPlatforms) = preSolution
		Debug|Any CPU = Debug|Any CPU
		Release|Any CPU = Release|Any CPU
	EndGlobalSection
	GlobalSection(ProjectConfigurationPlatforms) = postSolution
		{D2255A8C-ACAE-4427-B302-96A322E1593E}.Debug|Any CPU.ActiveCfg = Debug|Any CPU
		{D2255A8C-ACAE-4427-B302-96A322E1593E}.Release|Any CPU.ActiveCfg = Release|Any CPU
	EndGlobalSection
	GlobalSection(SolutionProperties) = preSolution
		HideSolutionNode = FALSE
	EndGlobalSection
	GlobalSection(ExtensibilityGlobals) = postSolution
		SolutionGuid = {58CEFBB3-E702-426A-8EF5-DEE632725E20}
	EndGlobalSection
EndGlobal
